
Microsoft Visual Studio Solution File, Format Version 12.00
# Visual Studio Version 17
VisualStudioVersion = 17.6.33815.320
MinimumVisualStudioVersion = 10.0.40219.1
Project("{FAE04EC0-301F-11D3-BF4B-00C04F79EFBC}") = "Testemesa3", "Testemesa3\Testemesa3.csproj", "{75CCD501-78CB-46A7-B70A-1762B5F0A284}"
EndProject
Global
	GlobalSection(SolutionConfigurationPlatforms) = preSolution
		Debug|Any CPU = Debug|Any CPU
		Release|Any CPU = Release|Any CPU
	EndGlobalSection
	GlobalSection(ProjectConfigurationPlatforms) = postSolution
		{75CCD501-78CB-46A7-B70A-1762B5F0A284}.Debug|Any CPU.ActiveCfg = Debug|Any CPU
		{75CCD501-78CB-46A7-B70A-1762B5F0A284}.Debug|Any CPU.Build.0 = Debug|Any CPU
		{75CCD501-78CB-46A7-B70A-1762B5F0A284}.Release|Any CPU.ActiveCfg = Release|Any CPU
		{75CCD501-78CB-46A7-B70A-1762B5F0A284}.Release|Any CPU.Build.0 = Release|Any CPU
	EndGlobalSection
	GlobalSection(SolutionProperties) = preSolution
		HideSolutionNode = FALSE
	EndGlobalSection
	GlobalSection(ExtensibilityGlobals) = postSolution
		SolutionGuid = {0F2F48CC-5831-40E6-A9F1-3B634F812EBE}
	EndGlobalSection
EndGlobal
